// !$*UTF8*$!
{
	archiveVersion = 1;
	classes = {
	};
	objectVersion = 46;
	objects = {

/* Begin PBXBuildFile section */
		29E6565F85BCE81E05D0AABF /* Pods_CloudyTests.framework in Frameworks */ = {isa = PBXBuildFile; fileRef = CD880E441695B4B0E9778495 /* Pods_CloudyTests.framework */; };
		5B45B685DD7D6C4B064E7015 /* Pods_Cloudy.framework in Frameworks */ = {isa = PBXBuildFile; fileRef = 709C48D6396A1BD8767CC0B8 /* Pods_Cloudy.framework */; };
		783B508C215A68A400666D59 /* LocationService.swift in Sources */ = {isa = PBXBuildFile; fileRef = 783B508B215A68A300666D59 /* LocationService.swift */; };
		783B508F215A693D00666D59 /* Geocoder.swift in Sources */ = {isa = PBXBuildFile; fileRef = 783B508E215A693D00666D59 /* Geocoder.swift */; };
		783B5091215A6E5A00666D59 /* AddLocationViewModelTest.swift in Sources */ = {isa = PBXBuildFile; fileRef = 783B5090215A6E5A00666D59 /* AddLocationViewModelTest.swift */; };
		CC08B9DB1DA206EE00754A85 /* SettingsViewController.swift in Sources */ = {isa = PBXBuildFile; fileRef = CC08B9DA1DA206EE00754A85 /* SettingsViewController.swift */; };
		CC08B9DE1DA20DB400754A85 /* SettingsTableViewCell.swift in Sources */ = {isa = PBXBuildFile; fileRef = CC08B9DD1DA20DB400754A85 /* SettingsTableViewCell.swift */; };
		CC08B9E11DA2169400754A85 /* UserDefaults.swift in Sources */ = {isa = PBXBuildFile; fileRef = CC08B9E01DA2169400754A85 /* UserDefaults.swift */; };
		CC08B9E31DA2208800754A85 /* Conversions.swift in Sources */ = {isa = PBXBuildFile; fileRef = CC08B9E21DA2208800754A85 /* Conversions.swift */; };
		CC63745E1DA0F557002E68DC /* WeatherDayTableViewCell.swift in Sources */ = {isa = PBXBuildFile; fileRef = CC63745D1DA0F557002E68DC /* WeatherDayTableViewCell.swift */; };
		CC7854CD1D9FF99700E7836D /* WeatherViewController.swift in Sources */ = {isa = PBXBuildFile; fileRef = CC7854CC1D9FF99700E7836D /* WeatherViewController.swift */; };
		CC83E0D51F13BF3B00EB0CAC /* LocationsViewController.swift in Sources */ = {isa = PBXBuildFile; fileRef = CC83E0D41F13BF3B00EB0CAC /* LocationsViewController.swift */; };
		CC83E0D81F13BF8000EB0CAC /* LocationRepresentable.swift in Sources */ = {isa = PBXBuildFile; fileRef = CC83E0D71F13BF8000EB0CAC /* LocationRepresentable.swift */; };
		CC83E0DB1F13BFAB00EB0CAC /* LocationsViewLocationViewModel.swift in Sources */ = {isa = PBXBuildFile; fileRef = CC83E0DA1F13BFAB00EB0CAC /* LocationsViewLocationViewModel.swift */; };
		CC83E0DE1F13BFD300EB0CAC /* LocationTableViewCell.swift in Sources */ = {isa = PBXBuildFile; fileRef = CC83E0DD1F13BFD300EB0CAC /* LocationTableViewCell.swift */; };
		CC83E0E11F13C01300EB0CAC /* AddLocationViewController.swift in Sources */ = {isa = PBXBuildFile; fileRef = CC83E0E01F13C01300EB0CAC /* AddLocationViewController.swift */; };
		CC83E0E31F13C07800EB0CAC /* Location.swift in Sources */ = {isa = PBXBuildFile; fileRef = CC83E0E21F13C07800EB0CAC /* Location.swift */; };
		CC89B4381D9FE3D0006BFD6E /* AppDelegate.swift in Sources */ = {isa = PBXBuildFile; fileRef = CC89B42D1D9FE3D0006BFD6E /* AppDelegate.swift */; };
		CC89B4391D9FE3D0006BFD6E /* RootViewController.swift in Sources */ = {isa = PBXBuildFile; fileRef = CC89B4301D9FE3D0006BFD6E /* RootViewController.swift */; };
		CC89B43B1D9FE3D0006BFD6E /* Assets.xcassets in Resources */ = {isa = PBXBuildFile; fileRef = CC89B4341D9FE3D0006BFD6E /* Assets.xcassets */; };
		CC89B43C1D9FE3D0006BFD6E /* LaunchScreen.storyboard in Resources */ = {isa = PBXBuildFile; fileRef = CC89B4361D9FE3D0006BFD6E /* LaunchScreen.storyboard */; };
		CC89B43D1D9FE3D0006BFD6E /* Main.storyboard in Resources */ = {isa = PBXBuildFile; fileRef = CC89B4371D9FE3D0006BFD6E /* Main.storyboard */; };
		CC89B4401D9FE5BC006BFD6E /* DayViewController.swift in Sources */ = {isa = PBXBuildFile; fileRef = CC89B43F1D9FE5BC006BFD6E /* DayViewController.swift */; };
		CC89B4421D9FE5C6006BFD6E /* WeekViewController.swift in Sources */ = {isa = PBXBuildFile; fileRef = CC89B4411D9FE5C6006BFD6E /* WeekViewController.swift */; };
		CC89B4451D9FE897006BFD6E /* DataManager.swift in Sources */ = {isa = PBXBuildFile; fileRef = CC89B4441D9FE897006BFD6E /* DataManager.swift */; };
		CC89B4481D9FE8D3006BFD6E /* Configuration.swift in Sources */ = {isa = PBXBuildFile; fileRef = CC89B4471D9FE8D3006BFD6E /* Configuration.swift */; };
		CC89B44C1D9FEB73006BFD6E /* JSONDecodable.swift in Sources */ = {isa = PBXBuildFile; fileRef = CC89B44B1D9FEB73006BFD6E /* JSONDecodable.swift */; };
		CC89B4501D9FEC2E006BFD6E /* WeatherData.swift in Sources */ = {isa = PBXBuildFile; fileRef = CC89B44F1D9FEC2E006BFD6E /* WeatherData.swift */; };
		CC89B4521D9FECBE006BFD6E /* WeatherDayData.swift in Sources */ = {isa = PBXBuildFile; fileRef = CC89B4511D9FECBE006BFD6E /* WeatherDayData.swift */; };
		E02ED56B2045CCC9009C243D /* WeekViewViewModelTests.swift in Sources */ = {isa = PBXBuildFile; fileRef = E02ED56A2045CCC9009C243D /* WeekViewViewModelTests.swift */; };
		E03433E5203746F300C9CB41 /* SettingsViewTimeViewModel.swift in Sources */ = {isa = PBXBuildFile; fileRef = E03433E4203746F300C9CB41 /* SettingsViewTimeViewModel.swift */; };
		E03433E72037598A00C9CB41 /* SettingsViewUnitsViewModel.swift in Sources */ = {isa = PBXBuildFile; fileRef = E03433E62037598A00C9CB41 /* SettingsViewUnitsViewModel.swift */; };
		E03433E920375C8100C9CB41 /* SettingsViewTemperatureViewModel.swift in Sources */ = {isa = PBXBuildFile; fileRef = E03433E820375C8100C9CB41 /* SettingsViewTemperatureViewModel.swift */; };
		E03433EC2037740200C9CB41 /* SettingsRepresentable.swift in Sources */ = {isa = PBXBuildFile; fileRef = E03433EB2037740200C9CB41 /* SettingsRepresentable.swift */; };
		E03433EE203787B100C9CB41 /* WeatherDayViewViewModel.swift in Sources */ = {isa = PBXBuildFile; fileRef = E03433ED203787B100C9CB41 /* WeatherDayViewViewModel.swift */; };
		E03433F120378E2C00C9CB41 /* WeatherDayRepresentable.swift in Sources */ = {isa = PBXBuildFile; fileRef = E03433F020378E2C00C9CB41 /* WeatherDayRepresentable.swift */; };
		E061871F2035FE8F00B687E8 /* DateViewViewModel.swift in Sources */ = {isa = PBXBuildFile; fileRef = E061871E2035FE8F00B687E8 /* DateViewViewModel.swift */; };
		E0618722203605CF00B687E8 /* UIImage.swift in Sources */ = {isa = PBXBuildFile; fileRef = E0618721203605CF00B687E8 /* UIImage.swift */; };
		E09B703B203C872C00D76EA0 /* SettingsViewTimeViewModelTest.swift in Sources */ = {isa = PBXBuildFile; fileRef = E09B703A203C872C00D76EA0 /* SettingsViewTimeViewModelTest.swift */; };
		E09B703D203C9F0F00D76EA0 /* darksky.json in Resources */ = {isa = PBXBuildFile; fileRef = E09B703C203C9F0F00D76EA0 /* darksky.json */; };
		E09B703F203C9FE000D76EA0 /* XCTestCase.swift in Sources */ = {isa = PBXBuildFile; fileRef = E09B703E203C9FE000D76EA0 /* XCTestCase.swift */; };
		E09B7041203CA2F100D76EA0 /* DayViewViewModelTest.swift in Sources */ = {isa = PBXBuildFile; fileRef = E09B7040203CA2F100D76EA0 /* DayViewViewModelTest.swift */; };
		E0BED14D203658C700853CD1 /* WeekViewViewModel.swift in Sources */ = {isa = PBXBuildFile; fileRef = E0BED14C203658C700853CD1 /* WeekViewViewModel.swift */; };
		E0D1FAC3204DAEA900526034 /* AddLocationViewViewModel.swift in Sources */ = {isa = PBXBuildFile; fileRef = E0D1FAC2204DAEA900526034 /* AddLocationViewViewModel.swift */; };
/* End PBXBuildFile section */

/* Begin PBXContainerItemProxy section */
		E09B7031203C85D100D76EA0 /* PBXContainerItemProxy */ = {
			isa = PBXContainerItemProxy;
			containerPortal = CC89B40F1D9FE314006BFD6E /* Project object */;
			proxyType = 1;
			remoteGlobalIDString = CC89B4161D9FE314006BFD6E;
			remoteInfo = Cloudy;
		};
/* End PBXContainerItemProxy section */

/* Begin PBXFileReference section */
		60E2B9F812ACCE0A52DBAC88 /* Pods-CloudyTests.debug.xcconfig */ = {isa = PBXFileReference; includeInIndex = 1; lastKnownFileType = text.xcconfig; name = "Pods-CloudyTests.debug.xcconfig"; path = "Pods/Target Support Files/Pods-CloudyTests/Pods-CloudyTests.debug.xcconfig"; sourceTree = "<group>"; };
		709C48D6396A1BD8767CC0B8 /* Pods_Cloudy.framework */ = {isa = PBXFileReference; explicitFileType = wrapper.framework; includeInIndex = 0; path = Pods_Cloudy.framework; sourceTree = BUILT_PRODUCTS_DIR; };
		783B508B215A68A300666D59 /* LocationService.swift */ = {isa = PBXFileReference; lastKnownFileType = sourcecode.swift; path = LocationService.swift; sourceTree = "<group>"; };
		783B508E215A693D00666D59 /* Geocoder.swift */ = {isa = PBXFileReference; lastKnownFileType = sourcecode.swift; path = Geocoder.swift; sourceTree = "<group>"; };
		783B5090215A6E5A00666D59 /* AddLocationViewModelTest.swift */ = {isa = PBXFileReference; lastKnownFileType = sourcecode.swift; path = AddLocationViewModelTest.swift; sourceTree = "<group>"; };
		7B33F91DD418047EEDA6AA6A /* Pods-Cloudy.debug.xcconfig */ = {isa = PBXFileReference; includeInIndex = 1; lastKnownFileType = text.xcconfig; name = "Pods-Cloudy.debug.xcconfig"; path = "Pods/Target Support Files/Pods-Cloudy/Pods-Cloudy.debug.xcconfig"; sourceTree = "<group>"; };
		C74032F58B1F8E6F9EE76FD3 /* Pods-Cloudy.release.xcconfig */ = {isa = PBXFileReference; includeInIndex = 1; lastKnownFileType = text.xcconfig; name = "Pods-Cloudy.release.xcconfig"; path = "Pods/Target Support Files/Pods-Cloudy/Pods-Cloudy.release.xcconfig"; sourceTree = "<group>"; };
		CC08B9DA1DA206EE00754A85 /* SettingsViewController.swift */ = {isa = PBXFileReference; fileEncoding = 4; lastKnownFileType = sourcecode.swift; path = SettingsViewController.swift; sourceTree = "<group>"; };
		CC08B9DD1DA20DB400754A85 /* SettingsTableViewCell.swift */ = {isa = PBXFileReference; fileEncoding = 4; lastKnownFileType = sourcecode.swift; path = SettingsTableViewCell.swift; sourceTree = "<group>"; };
		CC08B9E01DA2169400754A85 /* UserDefaults.swift */ = {isa = PBXFileReference; fileEncoding = 4; lastKnownFileType = sourcecode.swift; path = UserDefaults.swift; sourceTree = "<group>"; };
		CC08B9E21DA2208800754A85 /* Conversions.swift */ = {isa = PBXFileReference; fileEncoding = 4; lastKnownFileType = sourcecode.swift; path = Conversions.swift; sourceTree = "<group>"; };
		CC63745D1DA0F557002E68DC /* WeatherDayTableViewCell.swift */ = {isa = PBXFileReference; fileEncoding = 4; lastKnownFileType = sourcecode.swift; path = WeatherDayTableViewCell.swift; sourceTree = "<group>"; };
		CC7854CC1D9FF99700E7836D /* WeatherViewController.swift */ = {isa = PBXFileReference; fileEncoding = 4; lastKnownFileType = sourcecode.swift; path = WeatherViewController.swift; sourceTree = "<group>"; };
		CC83E0D41F13BF3B00EB0CAC /* LocationsViewController.swift */ = {isa = PBXFileReference; lastKnownFileType = sourcecode.swift; path = LocationsViewController.swift; sourceTree = "<group>"; };
		CC83E0D71F13BF8000EB0CAC /* LocationRepresentable.swift */ = {isa = PBXFileReference; lastKnownFileType = sourcecode.swift; path = LocationRepresentable.swift; sourceTree = "<group>"; };
		CC83E0DA1F13BFAB00EB0CAC /* LocationsViewLocationViewModel.swift */ = {isa = PBXFileReference; lastKnownFileType = sourcecode.swift; path = LocationsViewLocationViewModel.swift; sourceTree = "<group>"; };
		CC83E0DD1F13BFD300EB0CAC /* LocationTableViewCell.swift */ = {isa = PBXFileReference; lastKnownFileType = sourcecode.swift; path = LocationTableViewCell.swift; sourceTree = "<group>"; };
		CC83E0E01F13C01300EB0CAC /* AddLocationViewController.swift */ = {isa = PBXFileReference; lastKnownFileType = sourcecode.swift; path = AddLocationViewController.swift; sourceTree = "<group>"; };
		CC83E0E21F13C07800EB0CAC /* Location.swift */ = {isa = PBXFileReference; lastKnownFileType = sourcecode.swift; path = Location.swift; sourceTree = "<group>"; };
		CC89B4171D9FE314006BFD6E /* Cloudy.app */ = {isa = PBXFileReference; explicitFileType = wrapper.application; includeInIndex = 0; path = Cloudy.app; sourceTree = BUILT_PRODUCTS_DIR; };
		CC89B42D1D9FE3D0006BFD6E /* AppDelegate.swift */ = {isa = PBXFileReference; fileEncoding = 4; lastKnownFileType = sourcecode.swift; path = AppDelegate.swift; sourceTree = "<group>"; };
		CC89B4301D9FE3D0006BFD6E /* RootViewController.swift */ = {isa = PBXFileReference; fileEncoding = 4; lastKnownFileType = sourcecode.swift; path = RootViewController.swift; sourceTree = "<group>"; };
		CC89B4321D9FE3D0006BFD6E /* Info.plist */ = {isa = PBXFileReference; fileEncoding = 4; lastKnownFileType = text.plist.xml; path = Info.plist; sourceTree = "<group>"; };
		CC89B4341D9FE3D0006BFD6E /* Assets.xcassets */ = {isa = PBXFileReference; lastKnownFileType = folder.assetcatalog; path = Assets.xcassets; sourceTree = "<group>"; };
		CC89B4361D9FE3D0006BFD6E /* LaunchScreen.storyboard */ = {isa = PBXFileReference; fileEncoding = 4; lastKnownFileType = file.storyboard; path = LaunchScreen.storyboard; sourceTree = "<group>"; };
		CC89B4371D9FE3D0006BFD6E /* Main.storyboard */ = {isa = PBXFileReference; fileEncoding = 4; lastKnownFileType = file.storyboard; path = Main.storyboard; sourceTree = "<group>"; };
		CC89B43F1D9FE5BC006BFD6E /* DayViewController.swift */ = {isa = PBXFileReference; fileEncoding = 4; lastKnownFileType = sourcecode.swift; path = DayViewController.swift; sourceTree = "<group>"; };
		CC89B4411D9FE5C6006BFD6E /* WeekViewController.swift */ = {isa = PBXFileReference; fileEncoding = 4; lastKnownFileType = sourcecode.swift; path = WeekViewController.swift; sourceTree = "<group>"; };
		CC89B4441D9FE897006BFD6E /* DataManager.swift */ = {isa = PBXFileReference; fileEncoding = 4; lastKnownFileType = sourcecode.swift; path = DataManager.swift; sourceTree = "<group>"; };
		CC89B4471D9FE8D3006BFD6E /* Configuration.swift */ = {isa = PBXFileReference; fileEncoding = 4; lastKnownFileType = sourcecode.swift; path = Configuration.swift; sourceTree = "<group>"; };
		CC89B44B1D9FEB73006BFD6E /* JSONDecodable.swift */ = {isa = PBXFileReference; fileEncoding = 4; lastKnownFileType = sourcecode.swift; path = JSONDecodable.swift; sourceTree = "<group>"; };
		CC89B44F1D9FEC2E006BFD6E /* WeatherData.swift */ = {isa = PBXFileReference; fileEncoding = 4; lastKnownFileType = sourcecode.swift; path = WeatherData.swift; sourceTree = "<group>"; };
		CC89B4511D9FECBE006BFD6E /* WeatherDayData.swift */ = {isa = PBXFileReference; fileEncoding = 4; lastKnownFileType = sourcecode.swift; path = WeatherDayData.swift; sourceTree = "<group>"; };
		CD880E441695B4B0E9778495 /* Pods_CloudyTests.framework */ = {isa = PBXFileReference; explicitFileType = wrapper.framework; includeInIndex = 0; path = Pods_CloudyTests.framework; sourceTree = BUILT_PRODUCTS_DIR; };
		E02ED56A2045CCC9009C243D /* WeekViewViewModelTests.swift */ = {isa = PBXFileReference; lastKnownFileType = sourcecode.swift; path = WeekViewViewModelTests.swift; sourceTree = "<group>"; };
		E03433E4203746F300C9CB41 /* SettingsViewTimeViewModel.swift */ = {isa = PBXFileReference; lastKnownFileType = sourcecode.swift; path = SettingsViewTimeViewModel.swift; sourceTree = "<group>"; };
		E03433E62037598A00C9CB41 /* SettingsViewUnitsViewModel.swift */ = {isa = PBXFileReference; lastKnownFileType = sourcecode.swift; path = SettingsViewUnitsViewModel.swift; sourceTree = "<group>"; };
		E03433E820375C8100C9CB41 /* SettingsViewTemperatureViewModel.swift */ = {isa = PBXFileReference; lastKnownFileType = sourcecode.swift; path = SettingsViewTemperatureViewModel.swift; sourceTree = "<group>"; };
		E03433EB2037740200C9CB41 /* SettingsRepresentable.swift */ = {isa = PBXFileReference; lastKnownFileType = sourcecode.swift; path = SettingsRepresentable.swift; sourceTree = "<group>"; };
		E03433ED203787B100C9CB41 /* WeatherDayViewViewModel.swift */ = {isa = PBXFileReference; lastKnownFileType = sourcecode.swift; path = WeatherDayViewViewModel.swift; sourceTree = "<group>"; };
		E03433F020378E2C00C9CB41 /* WeatherDayRepresentable.swift */ = {isa = PBXFileReference; lastKnownFileType = sourcecode.swift; path = WeatherDayRepresentable.swift; sourceTree = "<group>"; };
		E061871E2035FE8F00B687E8 /* DateViewViewModel.swift */ = {isa = PBXFileReference; lastKnownFileType = sourcecode.swift; path = DateViewViewModel.swift; sourceTree = "<group>"; };
		E0618721203605CF00B687E8 /* UIImage.swift */ = {isa = PBXFileReference; lastKnownFileType = sourcecode.swift; path = UIImage.swift; sourceTree = "<group>"; };
		E09B702C203C85D100D76EA0 /* CloudyTests.xctest */ = {isa = PBXFileReference; explicitFileType = wrapper.cfbundle; includeInIndex = 0; path = CloudyTests.xctest; sourceTree = BUILT_PRODUCTS_DIR; };
		E09B7030203C85D100D76EA0 /* Info.plist */ = {isa = PBXFileReference; lastKnownFileType = text.plist.xml; path = Info.plist; sourceTree = "<group>"; };
		E09B703A203C872C00D76EA0 /* SettingsViewTimeViewModelTest.swift */ = {isa = PBXFileReference; lastKnownFileType = sourcecode.swift; path = SettingsViewTimeViewModelTest.swift; sourceTree = "<group>"; };
		E09B703C203C9F0F00D76EA0 /* darksky.json */ = {isa = PBXFileReference; fileEncoding = 4; lastKnownFileType = text.json; path = darksky.json; sourceTree = "<group>"; };
		E09B703E203C9FE000D76EA0 /* XCTestCase.swift */ = {isa = PBXFileReference; lastKnownFileType = sourcecode.swift; path = XCTestCase.swift; sourceTree = "<group>"; };
		E09B7040203CA2F100D76EA0 /* DayViewViewModelTest.swift */ = {isa = PBXFileReference; lastKnownFileType = sourcecode.swift; path = DayViewViewModelTest.swift; sourceTree = "<group>"; };
		E0BED14C203658C700853CD1 /* WeekViewViewModel.swift */ = {isa = PBXFileReference; lastKnownFileType = sourcecode.swift; path = WeekViewViewModel.swift; sourceTree = "<group>"; };
		E0D1FAC2204DAEA900526034 /* AddLocationViewViewModel.swift */ = {isa = PBXFileReference; lastKnownFileType = sourcecode.swift; path = AddLocationViewViewModel.swift; sourceTree = "<group>"; };
		E3B7F3F2BE772054BD5D64F6 /* Pods-CloudyTests.release.xcconfig */ = {isa = PBXFileReference; includeInIndex = 1; lastKnownFileType = text.xcconfig; name = "Pods-CloudyTests.release.xcconfig"; path = "Pods/Target Support Files/Pods-CloudyTests/Pods-CloudyTests.release.xcconfig"; sourceTree = "<group>"; };
/* End PBXFileReference section */

/* Begin PBXFrameworksBuildPhase section */
		CC89B4141D9FE314006BFD6E /* Frameworks */ = {
			isa = PBXFrameworksBuildPhase;
			buildActionMask = 2147483647;
			files = (
				5B45B685DD7D6C4B064E7015 /* Pods_Cloudy.framework in Frameworks */,
			);
			runOnlyForDeploymentPostprocessing = 0;
		};
		E09B7029203C85D100D76EA0 /* Frameworks */ = {
			isa = PBXFrameworksBuildPhase;
			buildActionMask = 2147483647;
			files = (
				29E6565F85BCE81E05D0AABF /* Pods_CloudyTests.framework in Frameworks */,
			);
			runOnlyForDeploymentPostprocessing = 0;
		};
/* End PBXFrameworksBuildPhase section */

/* Begin PBXGroup section */
		3457E892511DF582FC12E429 /* Pods */ = {
			isa = PBXGroup;
			children = (
				7B33F91DD418047EEDA6AA6A /* Pods-Cloudy.debug.xcconfig */,
				C74032F58B1F8E6F9EE76FD3 /* Pods-Cloudy.release.xcconfig */,
				60E2B9F812ACCE0A52DBAC88 /* Pods-CloudyTests.debug.xcconfig */,
				E3B7F3F2BE772054BD5D64F6 /* Pods-CloudyTests.release.xcconfig */,
			);
			name = Pods;
			sourceTree = "<group>";
		};
		783B508D215A692300666D59 /* Services */ = {
			isa = PBXGroup;
			children = (
				783B508E215A693D00666D59 /* Geocoder.swift */,
			);
			path = Services;
			sourceTree = "<group>";
		};
		8098E32CC4CEAB28DB0A282A /* Frameworks */ = {
			isa = PBXGroup;
			children = (
				709C48D6396A1BD8767CC0B8 /* Pods_Cloudy.framework */,
				CD880E441695B4B0E9778495 /* Pods_CloudyTests.framework */,
			);
			name = Frameworks;
			sourceTree = "<group>";
		};
		CC08B9D91DA206C300754A85 /* SettingsViewController */ = {
			isa = PBXGroup;
			children = (
				CC08B9DA1DA206EE00754A85 /* SettingsViewController.swift */,
				E03433EA203773AC00C9CB41 /* Protocols */,
				E03433E3203746D100C9CB41 /* View Models */,
				CC08B9DC1DA20D8D00754A85 /* Table View Cells */,
			);
			path = SettingsViewController;
			sourceTree = "<group>";
		};
		CC08B9DC1DA20D8D00754A85 /* Table View Cells */ = {
			isa = PBXGroup;
			children = (
				CC08B9DD1DA20DB400754A85 /* SettingsTableViewCell.swift */,
			);
			path = "Table View Cells";
			sourceTree = "<group>";
		};
		CC08B9DF1DA2166B00754A85 /* Extensions */ = {
			isa = PBXGroup;
			children = (
				CC08B9E21DA2208800754A85 /* Conversions.swift */,
				CC08B9E01DA2169400754A85 /* UserDefaults.swift */,
				E0618721203605CF00B687E8 /* UIImage.swift */,
			);
			path = Extensions;
			sourceTree = "<group>";
		};
		CC63745C1DA0F535002E68DC /* Table View Cells */ = {
			isa = PBXGroup;
			children = (
				CC63745D1DA0F557002E68DC /* WeatherDayTableViewCell.swift */,
			);
			path = "Table View Cells";
			sourceTree = "<group>";
		};
		CC83E0D31F13BF1400EB0CAC /* Locations View Controller */ = {
			isa = PBXGroup;
			children = (
				CC83E0D41F13BF3B00EB0CAC /* LocationsViewController.swift */,
				CC83E0D61F13BF6700EB0CAC /* Protocols */,
				CC83E0D91F13BF8B00EB0CAC /* View Models */,
				CC83E0DC1F13BFB900EB0CAC /* Table View Cells */,
				CC83E0DF1F13BFDF00EB0CAC /* Add Location View Controller */,
			);
			path = "Locations View Controller";
			sourceTree = "<group>";
		};
		CC83E0D61F13BF6700EB0CAC /* Protocols */ = {
			isa = PBXGroup;
			children = (
				CC83E0D71F13BF8000EB0CAC /* LocationRepresentable.swift */,
			);
			name = Protocols;
			sourceTree = "<group>";
		};
		CC83E0D91F13BF8B00EB0CAC /* View Models */ = {
			isa = PBXGroup;
			children = (
				CC83E0DA1F13BFAB00EB0CAC /* LocationsViewLocationViewModel.swift */,
			);
			path = "View Models";
			sourceTree = "<group>";
		};
		CC83E0DC1F13BFB900EB0CAC /* Table View Cells */ = {
			isa = PBXGroup;
			children = (
				CC83E0DD1F13BFD300EB0CAC /* LocationTableViewCell.swift */,
			);
			path = "Table View Cells";
			sourceTree = "<group>";
		};
		CC83E0DF1F13BFDF00EB0CAC /* Add Location View Controller */ = {
			isa = PBXGroup;
			children = (
				CC83E0E01F13C01300EB0CAC /* AddLocationViewController.swift */,
				E02ED56C2045FE01009C243D /* View Models */,
			);
			path = "Add Location View Controller";
			sourceTree = "<group>";
		};
		CC89B40E1D9FE314006BFD6E = {
			isa = PBXGroup;
			children = (
				CC89B4191D9FE314006BFD6E /* Cloudy */,
				E09B702D203C85D100D76EA0 /* CloudyTests */,
				CC89B4181D9FE314006BFD6E /* Products */,
				3457E892511DF582FC12E429 /* Pods */,
				8098E32CC4CEAB28DB0A282A /* Frameworks */,
			);
			sourceTree = "<group>";
		};
		CC89B4181D9FE314006BFD6E /* Products */ = {
			isa = PBXGroup;
			children = (
				CC89B4171D9FE314006BFD6E /* Cloudy.app */,
				E09B702C203C85D100D76EA0 /* CloudyTests.xctest */,
			);
			name = Products;
			sourceTree = "<group>";
		};
		CC89B4191D9FE314006BFD6E /* Cloudy */ = {
			isa = PBXGroup;
			children = (
				CC89B42C1D9FE3D0006BFD6E /* Application Delegate */,
				CC89B42E1D9FE3D0006BFD6E /* View Controllers */,
				CC89B4461D9FE8B6006BFD6E /* Configuration */,
				783B508D215A692300666D59 /* Services */,
				CC89B4351D9FE3D0006BFD6E /* Storyboards */,
				CC08B9DF1DA2166B00754A85 /* Extensions */,
				CC89B4331D9FE3D0006BFD6E /* Resources */,
				CC89B4431D9FE877006BFD6E /* Managers */,
				CC89B4491D9FEB36006BFD6E /* Protocols */,
				CC89B44E1D9FEC04006BFD6E /* Models */,
				CC89B4311D9FE3D0006BFD6E /* Supporting Files */,
			);
			path = Cloudy;
			sourceTree = "<group>";
		};
		CC89B42C1D9FE3D0006BFD6E /* Application Delegate */ = {
			isa = PBXGroup;
			children = (
				CC89B42D1D9FE3D0006BFD6E /* AppDelegate.swift */,
			);
			path = "Application Delegate";
			sourceTree = "<group>";
		};
		CC89B42E1D9FE3D0006BFD6E /* View Controllers */ = {
			isa = PBXGroup;
			children = (
				CC89B42F1D9FE3D0006BFD6E /* Root View Controller */,
				CC08B9D91DA206C300754A85 /* SettingsViewController */,
				CC89B43E1D9FE58C006BFD6E /* Weather View Controllers */,
				CC83E0D31F13BF1400EB0CAC /* Locations View Controller */,
			);
			path = "View Controllers";
			sourceTree = "<group>";
		};
		CC89B42F1D9FE3D0006BFD6E /* Root View Controller */ = {
			isa = PBXGroup;
			children = (
				CC89B4301D9FE3D0006BFD6E /* RootViewController.swift */,
			);
			path = "Root View Controller";
			sourceTree = "<group>";
		};
		CC89B4311D9FE3D0006BFD6E /* Supporting Files */ = {
			isa = PBXGroup;
			children = (
				CC89B4321D9FE3D0006BFD6E /* Info.plist */,
			);
			path = "Supporting Files";
			sourceTree = "<group>";
		};
		CC89B4331D9FE3D0006BFD6E /* Resources */ = {
			isa = PBXGroup;
			children = (
				CC89B4341D9FE3D0006BFD6E /* Assets.xcassets */,
			);
			path = Resources;
			sourceTree = "<group>";
		};
		CC89B4351D9FE3D0006BFD6E /* Storyboards */ = {
			isa = PBXGroup;
			children = (
				CC89B4371D9FE3D0006BFD6E /* Main.storyboard */,
				CC89B4361D9FE3D0006BFD6E /* LaunchScreen.storyboard */,
			);
			path = Storyboards;
			sourceTree = "<group>";
		};
		CC89B43E1D9FE58C006BFD6E /* Weather View Controllers */ = {
			isa = PBXGroup;
			children = (
				CC89B43F1D9FE5BC006BFD6E /* DayViewController.swift */,
				CC89B4411D9FE5C6006BFD6E /* WeekViewController.swift */,
				CC7854CC1D9FF99700E7836D /* WeatherViewController.swift */,
				E03433EF20378B1C00C9CB41 /* Protocols */,
				E061871D2035FE6E00B687E8 /* View Models */,
				CC63745C1DA0F535002E68DC /* Table View Cells */,
			);
			path = "Weather View Controllers";
			sourceTree = "<group>";
		};
		CC89B4431D9FE877006BFD6E /* Managers */ = {
			isa = PBXGroup;
			children = (
				CC89B4441D9FE897006BFD6E /* DataManager.swift */,
			);
			path = Managers;
			sourceTree = "<group>";
		};
		CC89B4461D9FE8B6006BFD6E /* Configuration */ = {
			isa = PBXGroup;
			children = (
				CC89B4471D9FE8D3006BFD6E /* Configuration.swift */,
			);
			path = Configuration;
			sourceTree = "<group>";
		};
		CC89B4491D9FEB36006BFD6E /* Protocols */ = {
			isa = PBXGroup;
			children = (
				CC89B44B1D9FEB73006BFD6E /* JSONDecodable.swift */,
				783B508B215A68A300666D59 /* LocationService.swift */,
			);
			path = Protocols;
			sourceTree = "<group>";
		};
		CC89B44E1D9FEC04006BFD6E /* Models */ = {
			isa = PBXGroup;
			children = (
				CC83E0E21F13C07800EB0CAC /* Location.swift */,
				CC89B44F1D9FEC2E006BFD6E /* WeatherData.swift */,
				CC89B4511D9FECBE006BFD6E /* WeatherDayData.swift */,
			);
			path = Models;
			sourceTree = "<group>";
		};
		E02ED56C2045FE01009C243D /* View Models */ = {
			isa = PBXGroup;
			children = (
				E0D1FAC2204DAEA900526034 /* AddLocationViewViewModel.swift */,
			);
			path = "View Models";
			sourceTree = "<group>";
		};
		E03433E3203746D100C9CB41 /* View Models */ = {
			isa = PBXGroup;
			children = (
				E03433E4203746F300C9CB41 /* SettingsViewTimeViewModel.swift */,
				E03433E62037598A00C9CB41 /* SettingsViewUnitsViewModel.swift */,
				E03433E820375C8100C9CB41 /* SettingsViewTemperatureViewModel.swift */,
			);
			path = "View Models";
			sourceTree = "<group>";
		};
		E03433EA203773AC00C9CB41 /* Protocols */ = {
			isa = PBXGroup;
			children = (
				E03433EB2037740200C9CB41 /* SettingsRepresentable.swift */,
			);
			path = Protocols;
			sourceTree = "<group>";
		};
		E03433EF20378B1C00C9CB41 /* Protocols */ = {
			isa = PBXGroup;
			children = (
				E03433F020378E2C00C9CB41 /* WeatherDayRepresentable.swift */,
			);
			path = Protocols;
			sourceTree = "<group>";
		};
		E061871D2035FE6E00B687E8 /* View Models */ = {
			isa = PBXGroup;
			children = (
				E061871E2035FE8F00B687E8 /* DateViewViewModel.swift */,
				E0BED14C203658C700853CD1 /* WeekViewViewModel.swift */,
				E03433ED203787B100C9CB41 /* WeatherDayViewViewModel.swift */,
			);
			path = "View Models";
			sourceTree = "<group>";
		};
		E09B702D203C85D100D76EA0 /* CloudyTests */ = {
			isa = PBXGroup;
			children = (
				E09B7038203C866100D76EA0 /* Stubs */,
				E09B7037203C864800D76EA0 /* Extensions */,
				E09B7036203C863700D76EA0 /* Test Cases */,
				E09B7039203C866A00D76EA0 /* Supporting Files */,
			);
			path = CloudyTests;
			sourceTree = "<group>";
		};
		E09B7036203C863700D76EA0 /* Test Cases */ = {
			isa = PBXGroup;
			children = (
				E09B703A203C872C00D76EA0 /* SettingsViewTimeViewModelTest.swift */,
				E09B7040203CA2F100D76EA0 /* DayViewViewModelTest.swift */,
				E02ED56A2045CCC9009C243D /* WeekViewViewModelTests.swift */,
				783B5090215A6E5A00666D59 /* AddLocationViewModelTest.swift */,
			);
			path = "Test Cases";
			sourceTree = "<group>";
		};
		E09B7037203C864800D76EA0 /* Extensions */ = {
			isa = PBXGroup;
			children = (
				E09B703E203C9FE000D76EA0 /* XCTestCase.swift */,
			);
			path = Extensions;
			sourceTree = "<group>";
		};
		E09B7038203C866100D76EA0 /* Stubs */ = {
			isa = PBXGroup;
			children = (
				E09B703C203C9F0F00D76EA0 /* darksky.json */,
			);
			path = Stubs;
			sourceTree = "<group>";
		};
		E09B7039203C866A00D76EA0 /* Supporting Files */ = {
			isa = PBXGroup;
			children = (
				E09B7030203C85D100D76EA0 /* Info.plist */,
			);
			path = "Supporting Files";
			sourceTree = "<group>";
		};
/* End PBXGroup section */

/* Begin PBXNativeTarget section */
		CC89B4161D9FE314006BFD6E /* Cloudy */ = {
			isa = PBXNativeTarget;
			buildConfigurationList = CC89B4291D9FE314006BFD6E /* Build configuration list for PBXNativeTarget "Cloudy" */;
			buildPhases = (
				6B94CCABDC290B76F2B65DB3 /* [CP] Check Pods Manifest.lock */,
				CC89B4131D9FE314006BFD6E /* Sources */,
				CC89B4141D9FE314006BFD6E /* Frameworks */,
				CC89B4151D9FE314006BFD6E /* Resources */,
				C4319B7D0CAD0053B07063DD /* [CP] Embed Pods Frameworks */,
			);
			buildRules = (
			);
			dependencies = (
			);
			name = Cloudy;
			productName = Cloudy;
			productReference = CC89B4171D9FE314006BFD6E /* Cloudy.app */;
			productType = "com.apple.product-type.application";
		};
		E09B702B203C85D100D76EA0 /* CloudyTests */ = {
			isa = PBXNativeTarget;
			buildConfigurationList = E09B7033203C85D100D76EA0 /* Build configuration list for PBXNativeTarget "CloudyTests" */;
			buildPhases = (
				3887203EEDBBC1626DC7C617 /* [CP] Check Pods Manifest.lock */,
				E09B7028203C85D100D76EA0 /* Sources */,
				E09B7029203C85D100D76EA0 /* Frameworks */,
				E09B702A203C85D100D76EA0 /* Resources */,
				36C6B79F3B410B8B5C175D99 /* [CP] Embed Pods Frameworks */,
			);
			buildRules = (
			);
			dependencies = (
				E09B7032203C85D100D76EA0 /* PBXTargetDependency */,
			);
			name = CloudyTests;
			productName = CloudyTests;
			productReference = E09B702C203C85D100D76EA0 /* CloudyTests.xctest */;
			productType = "com.apple.product-type.bundle.unit-test";
		};
/* End PBXNativeTarget section */

/* Begin PBXProject section */
		CC89B40F1D9FE314006BFD6E /* Project object */ = {
			isa = PBXProject;
			attributes = {
				LastSwiftUpdateCheck = 0920;
				LastUpgradeCheck = 0900;
				ORGANIZATIONNAME = Cocoacasts;
				TargetAttributes = {
					CC89B4161D9FE314006BFD6E = {
						CreatedOnToolsVersion = 8.0;
						LastSwiftMigration = 0900;
						ProvisioningStyle = Automatic;
					};
					E09B702B203C85D100D76EA0 = {
						CreatedOnToolsVersion = 9.2;
						LastSwiftMigration = 0920;
						ProvisioningStyle = Automatic;
						TestTargetID = CC89B4161D9FE314006BFD6E;
					};
				};
			};
			buildConfigurationList = CC89B4121D9FE314006BFD6E /* Build configuration list for PBXProject "Cloudy" */;
			compatibilityVersion = "Xcode 3.2";
			developmentRegion = English;
			hasScannedForEncodings = 0;
			knownRegions = (
				en,
				Base,
			);
			mainGroup = CC89B40E1D9FE314006BFD6E;
			productRefGroup = CC89B4181D9FE314006BFD6E /* Products */;
			projectDirPath = "";
			projectRoot = "";
			targets = (
				CC89B4161D9FE314006BFD6E /* Cloudy */,
				E09B702B203C85D100D76EA0 /* CloudyTests */,
			);
		};
/* End PBXProject section */

/* Begin PBXResourcesBuildPhase section */
		CC89B4151D9FE314006BFD6E /* Resources */ = {
			isa = PBXResourcesBuildPhase;
			buildActionMask = 2147483647;
			files = (
				CC89B43C1D9FE3D0006BFD6E /* LaunchScreen.storyboard in Resources */,
				CC89B43B1D9FE3D0006BFD6E /* Assets.xcassets in Resources */,
				CC89B43D1D9FE3D0006BFD6E /* Main.storyboard in Resources */,
			);
			runOnlyForDeploymentPostprocessing = 0;
		};
		E09B702A203C85D100D76EA0 /* Resources */ = {
			isa = PBXResourcesBuildPhase;
			buildActionMask = 2147483647;
			files = (
				E09B703D203C9F0F00D76EA0 /* darksky.json in Resources */,
			);
			runOnlyForDeploymentPostprocessing = 0;
		};
/* End PBXResourcesBuildPhase section */

/* Begin PBXShellScriptBuildPhase section */
		36C6B79F3B410B8B5C175D99 /* [CP] Embed Pods Frameworks */ = {
			isa = PBXShellScriptBuildPhase;
			buildActionMask = 2147483647;
			files = (
			);
			inputPaths = (
				"${SRCROOT}/Pods/Target Support Files/Pods-CloudyTests/Pods-CloudyTests-frameworks.sh",
				"${BUILT_PRODUCTS_DIR}/RxSwift/RxSwift.framework",
				"${BUILT_PRODUCTS_DIR}/RxBlocking/RxBlocking.framework",
				"${BUILT_PRODUCTS_DIR}/RxTest/RxTest.framework",
			);
			name = "[CP] Embed Pods Frameworks";
			outputPaths = (
				"${TARGET_BUILD_DIR}/${FRAMEWORKS_FOLDER_PATH}/RxSwift.framework",
				"${TARGET_BUILD_DIR}/${FRAMEWORKS_FOLDER_PATH}/RxBlocking.framework",
				"${TARGET_BUILD_DIR}/${FRAMEWORKS_FOLDER_PATH}/RxTest.framework",
			);
			runOnlyForDeploymentPostprocessing = 0;
			shellPath = /bin/sh;
			shellScript = "\"${SRCROOT}/Pods/Target Support Files/Pods-CloudyTests/Pods-CloudyTests-frameworks.sh\"\n";
			showEnvVarsInLog = 0;
		};
		3887203EEDBBC1626DC7C617 /* [CP] Check Pods Manifest.lock */ = {
			isa = PBXShellScriptBuildPhase;
			buildActionMask = 2147483647;
			files = (
			);
			inputPaths = (
				"${PODS_PODFILE_DIR_PATH}/Podfile.lock",
				"${PODS_ROOT}/Manifest.lock",
			);
			name = "[CP] Check Pods Manifest.lock";
			outputPaths = (
				"$(DERIVED_FILE_DIR)/Pods-CloudyTests-checkManifestLockResult.txt",
			);
			runOnlyForDeploymentPostprocessing = 0;
			shellPath = /bin/sh;
			shellScript = "diff \"${PODS_PODFILE_DIR_PATH}/Podfile.lock\" \"${PODS_ROOT}/Manifest.lock\" > /dev/null\nif [ $? != 0 ] ; then\n    # print error to STDERR\n    echo \"error: The sandbox is not in sync with the Podfile.lock. Run 'pod install' or update your CocoaPods installation.\" >&2\n    exit 1\nfi\n# This output is used by Xcode 'outputs' to avoid re-running this script phase.\necho \"SUCCESS\" > \"${SCRIPT_OUTPUT_FILE_0}\"\n";
			showEnvVarsInLog = 0;
		};
		6B94CCABDC290B76F2B65DB3 /* [CP] Check Pods Manifest.lock */ = {
			isa = PBXShellScriptBuildPhase;
			buildActionMask = 2147483647;
			files = (
			);
			inputPaths = (
				"${PODS_PODFILE_DIR_PATH}/Podfile.lock",
				"${PODS_ROOT}/Manifest.lock",
			);
			name = "[CP] Check Pods Manifest.lock";
			outputPaths = (
				"$(DERIVED_FILE_DIR)/Pods-Cloudy-checkManifestLockResult.txt",
			);
			runOnlyForDeploymentPostprocessing = 0;
			shellPath = /bin/sh;
			shellScript = "diff \"${PODS_PODFILE_DIR_PATH}/Podfile.lock\" \"${PODS_ROOT}/Manifest.lock\" > /dev/null\nif [ $? != 0 ] ; then\n    # print error to STDERR\n    echo \"error: The sandbox is not in sync with the Podfile.lock. Run 'pod install' or update your CocoaPods installation.\" >&2\n    exit 1\nfi\n# This output is used by Xcode 'outputs' to avoid re-running this script phase.\necho \"SUCCESS\" > \"${SCRIPT_OUTPUT_FILE_0}\"\n";
			showEnvVarsInLog = 0;
		};
		C4319B7D0CAD0053B07063DD /* [CP] Embed Pods Frameworks */ = {
			isa = PBXShellScriptBuildPhase;
			buildActionMask = 2147483647;
			files = (
			);
			inputPaths = (
				"${SRCROOT}/Pods/Target Support Files/Pods-Cloudy/Pods-Cloudy-frameworks.sh",
				"${BUILT_PRODUCTS_DIR}/RxCocoa/RxCocoa.framework",
				"${BUILT_PRODUCTS_DIR}/RxSwift/RxSwift.framework",
			);
			name = "[CP] Embed Pods Frameworks";
			outputPaths = (
				"${TARGET_BUILD_DIR}/${FRAMEWORKS_FOLDER_PATH}/RxCocoa.framework",
				"${TARGET_BUILD_DIR}/${FRAMEWORKS_FOLDER_PATH}/RxSwift.framework",
			);
			runOnlyForDeploymentPostprocessing = 0;
			shellPath = /bin/sh;
			shellScript = "\"${SRCROOT}/Pods/Target Support Files/Pods-Cloudy/Pods-Cloudy-frameworks.sh\"\n";
			showEnvVarsInLog = 0;
		};
/* End PBXShellScriptBuildPhase section */

/* Begin PBXSourcesBuildPhase section */
		CC89B4131D9FE314006BFD6E /* Sources */ = {
			isa = PBXSourcesBuildPhase;
			buildActionMask = 2147483647;
			files = (
				E03433E920375C8100C9CB41 /* SettingsViewTemperatureViewModel.swift in Sources */,
				CC08B9E31DA2208800754A85 /* Conversions.swift in Sources */,
				CC89B4481D9FE8D3006BFD6E /* Configuration.swift in Sources */,
				CC7854CD1D9FF99700E7836D /* WeatherViewController.swift in Sources */,
				CC83E0D51F13BF3B00EB0CAC /* LocationsViewController.swift in Sources */,
				E03433E72037598A00C9CB41 /* SettingsViewUnitsViewModel.swift in Sources */,
				CC89B4391D9FE3D0006BFD6E /* RootViewController.swift in Sources */,
				E0BED14D203658C700853CD1 /* WeekViewViewModel.swift in Sources */,
				E03433EE203787B100C9CB41 /* WeatherDayViewViewModel.swift in Sources */,
				CC89B44C1D9FEB73006BFD6E /* JSONDecodable.swift in Sources */,
				CC89B4451D9FE897006BFD6E /* DataManager.swift in Sources */,
				CC83E0E11F13C01300EB0CAC /* AddLocationViewController.swift in Sources */,
				CC08B9DE1DA20DB400754A85 /* SettingsTableViewCell.swift in Sources */,
				E0D1FAC3204DAEA900526034 /* AddLocationViewViewModel.swift in Sources */,
				CC89B4381D9FE3D0006BFD6E /* AppDelegate.swift in Sources */,
				E03433E5203746F300C9CB41 /* SettingsViewTimeViewModel.swift in Sources */,
				783B508F215A693D00666D59 /* Geocoder.swift in Sources */,
				CC89B4521D9FECBE006BFD6E /* WeatherDayData.swift in Sources */,
				E03433EC2037740200C9CB41 /* SettingsRepresentable.swift in Sources */,
				E061871F2035FE8F00B687E8 /* DateViewViewModel.swift in Sources */,
				CC89B4421D9FE5C6006BFD6E /* WeekViewController.swift in Sources */,
				CC89B4501D9FEC2E006BFD6E /* WeatherData.swift in Sources */,
				CC83E0E31F13C07800EB0CAC /* Location.swift in Sources */,
				CC63745E1DA0F557002E68DC /* WeatherDayTableViewCell.swift in Sources */,
				CC83E0DE1F13BFD300EB0CAC /* LocationTableViewCell.swift in Sources */,
				CC83E0DB1F13BFAB00EB0CAC /* LocationsViewLocationViewModel.swift in Sources */,
				CC89B4401D9FE5BC006BFD6E /* DayViewController.swift in Sources */,
				783B508C215A68A400666D59 /* LocationService.swift in Sources */,
				E0618722203605CF00B687E8 /* UIImage.swift in Sources */,
				E03433F120378E2C00C9CB41 /* WeatherDayRepresentable.swift in Sources */,
				CC08B9E11DA2169400754A85 /* UserDefaults.swift in Sources */,
				CC83E0D81F13BF8000EB0CAC /* LocationRepresentable.swift in Sources */,
				CC08B9DB1DA206EE00754A85 /* SettingsViewController.swift in Sources */,
			);
			runOnlyForDeploymentPostprocessing = 0;
		};
		E09B7028203C85D100D76EA0 /* Sources */ = {
			isa = PBXSourcesBuildPhase;
			buildActionMask = 2147483647;
			files = (
				E09B703F203C9FE000D76EA0 /* XCTestCase.swift in Sources */,
				E02ED56B2045CCC9009C243D /* WeekViewViewModelTests.swift in Sources */,
				E09B703B203C872C00D76EA0 /* SettingsViewTimeViewModelTest.swift in Sources */,
				E09B7041203CA2F100D76EA0 /* DayViewViewModelTest.swift in Sources */,
				783B5091215A6E5A00666D59 /* AddLocationViewModelTest.swift in Sources */,
			);
			runOnlyForDeploymentPostprocessing = 0;
		};
/* End PBXSourcesBuildPhase section */

/* Begin PBXTargetDependency section */
		E09B7032203C85D100D76EA0 /* PBXTargetDependency */ = {
			isa = PBXTargetDependency;
			target = CC89B4161D9FE314006BFD6E /* Cloudy */;
			targetProxy = E09B7031203C85D100D76EA0 /* PBXContainerItemProxy */;
		};
/* End PBXTargetDependency section */

/* Begin XCBuildConfiguration section */
		CC89B4271D9FE314006BFD6E /* Debug */ = {
			isa = XCBuildConfiguration;
			buildSettings = {
				ALWAYS_SEARCH_USER_PATHS = NO;
				CLANG_ANALYZER_NONNULL = YES;
				CLANG_CXX_LANGUAGE_STANDARD = "gnu++0x";
				CLANG_CXX_LIBRARY = "libc++";
				CLANG_ENABLE_MODULES = YES;
				CLANG_ENABLE_OBJC_ARC = YES;
				CLANG_WARN_BLOCK_CAPTURE_AUTORELEASING = YES;
				CLANG_WARN_BOOL_CONVERSION = YES;
				CLANG_WARN_COMMA = YES;
				CLANG_WARN_CONSTANT_CONVERSION = YES;
				CLANG_WARN_DIRECT_OBJC_ISA_USAGE = YES_ERROR;
				CLANG_WARN_DOCUMENTATION_COMMENTS = YES;
				CLANG_WARN_EMPTY_BODY = YES;
				CLANG_WARN_ENUM_CONVERSION = YES;
				CLANG_WARN_INFINITE_RECURSION = YES;
				CLANG_WARN_INT_CONVERSION = YES;
				CLANG_WARN_NON_LITERAL_NULL_CONVERSION = YES;
				CLANG_WARN_OBJC_LITERAL_CONVERSION = YES;
				CLANG_WARN_OBJC_ROOT_CLASS = YES_ERROR;
				CLANG_WARN_RANGE_LOOP_ANALYSIS = YES;
				CLANG_WARN_STRICT_PROTOTYPES = YES;
				CLANG_WARN_SUSPICIOUS_MOVE = YES;
				CLANG_WARN_SUSPICIOUS_MOVES = YES;
				CLANG_WARN_UNREACHABLE_CODE = YES;
				CLANG_WARN__DUPLICATE_METHOD_MATCH = YES;
				"CODE_SIGN_IDENTITY[sdk=iphoneos*]" = "iPhone Developer";
				COPY_PHASE_STRIP = NO;
				DEBUG_INFORMATION_FORMAT = dwarf;
				ENABLE_STRICT_OBJC_MSGSEND = YES;
				ENABLE_TESTABILITY = YES;
				GCC_C_LANGUAGE_STANDARD = gnu99;
				GCC_DYNAMIC_NO_PIC = NO;
				GCC_NO_COMMON_BLOCKS = YES;
				GCC_OPTIMIZATION_LEVEL = 0;
				GCC_PREPROCESSOR_DEFINITIONS = (
					"DEBUG=1",
					"$(inherited)",
				);
				GCC_WARN_64_TO_32_BIT_CONVERSION = YES;
				GCC_WARN_ABOUT_RETURN_TYPE = YES_ERROR;
				GCC_WARN_UNDECLARED_SELECTOR = YES;
				GCC_WARN_UNINITIALIZED_AUTOS = YES_AGGRESSIVE;
				GCC_WARN_UNUSED_FUNCTION = YES;
				GCC_WARN_UNUSED_VARIABLE = YES;
				IPHONEOS_DEPLOYMENT_TARGET = 10.0;
				MTL_ENABLE_DEBUG_INFO = YES;
				ONLY_ACTIVE_ARCH = YES;
				SDKROOT = iphoneos;
				SWIFT_ACTIVE_COMPILATION_CONDITIONS = DEBUG;
				SWIFT_OPTIMIZATION_LEVEL = "-Onone";
			};
			name = Debug;
		};
		CC89B4281D9FE314006BFD6E /* Release */ = {
			isa = XCBuildConfiguration;
			buildSettings = {
				ALWAYS_SEARCH_USER_PATHS = NO;
				CLANG_ANALYZER_NONNULL = YES;
				CLANG_CXX_LANGUAGE_STANDARD = "gnu++0x";
				CLANG_CXX_LIBRARY = "libc++";
				CLANG_ENABLE_MODULES = YES;
				CLANG_ENABLE_OBJC_ARC = YES;
				CLANG_WARN_BLOCK_CAPTURE_AUTORELEASING = YES;
				CLANG_WARN_BOOL_CONVERSION = YES;
				CLANG_WARN_COMMA = YES;
				CLANG_WARN_CONSTANT_CONVERSION = YES;
				CLANG_WARN_DIRECT_OBJC_ISA_USAGE = YES_ERROR;
				CLANG_WARN_DOCUMENTATION_COMMENTS = YES;
				CLANG_WARN_EMPTY_BODY = YES;
				CLANG_WARN_ENUM_CONVERSION = YES;
				CLANG_WARN_INFINITE_RECURSION = YES;
				CLANG_WARN_INT_CONVERSION = YES;
				CLANG_WARN_NON_LITERAL_NULL_CONVERSION = YES;
				CLANG_WARN_OBJC_LITERAL_CONVERSION = YES;
				CLANG_WARN_OBJC_ROOT_CLASS = YES_ERROR;
				CLANG_WARN_RANGE_LOOP_ANALYSIS = YES;
				CLANG_WARN_STRICT_PROTOTYPES = YES;
				CLANG_WARN_SUSPICIOUS_MOVE = YES;
				CLANG_WARN_SUSPICIOUS_MOVES = YES;
				CLANG_WARN_UNREACHABLE_CODE = YES;
				CLANG_WARN__DUPLICATE_METHOD_MATCH = YES;
				"CODE_SIGN_IDENTITY[sdk=iphoneos*]" = "iPhone Developer";
				COPY_PHASE_STRIP = NO;
				DEBUG_INFORMATION_FORMAT = "dwarf-with-dsym";
				ENABLE_NS_ASSERTIONS = NO;
				ENABLE_STRICT_OBJC_MSGSEND = YES;
				GCC_C_LANGUAGE_STANDARD = gnu99;
				GCC_NO_COMMON_BLOCKS = YES;
				GCC_WARN_64_TO_32_BIT_CONVERSION = YES;
				GCC_WARN_ABOUT_RETURN_TYPE = YES_ERROR;
				GCC_WARN_UNDECLARED_SELECTOR = YES;
				GCC_WARN_UNINITIALIZED_AUTOS = YES_AGGRESSIVE;
				GCC_WARN_UNUSED_FUNCTION = YES;
				GCC_WARN_UNUSED_VARIABLE = YES;
				IPHONEOS_DEPLOYMENT_TARGET = 10.0;
				MTL_ENABLE_DEBUG_INFO = NO;
				SDKROOT = iphoneos;
				SWIFT_OPTIMIZATION_LEVEL = "-Owholemodule";
				VALIDATE_PRODUCT = YES;
			};
			name = Release;
		};
		CC89B42A1D9FE314006BFD6E /* Debug */ = {
			isa = XCBuildConfiguration;
			baseConfigurationReference = 7B33F91DD418047EEDA6AA6A /* Pods-Cloudy.debug.xcconfig */;
			buildSettings = {
				ASSETCATALOG_COMPILER_APPICON_NAME = AppIcon;
				DEVELOPMENT_TEAM = "";
				INFOPLIST_FILE = "Cloudy/Supporting Files/Info.plist";
				LD_RUNPATH_SEARCH_PATHS = "$(inherited) @executable_path/Frameworks";
				PRODUCT_BUNDLE_IDENTIFIER = com.cocoacasts.Cloudy;
				PRODUCT_NAME = "$(TARGET_NAME)";
				SWIFT_SWIFT3_OBJC_INFERENCE = Off;
				SWIFT_VERSION = 4.0;
			};
			name = Debug;
		};
		CC89B42B1D9FE314006BFD6E /* Release */ = {
			isa = XCBuildConfiguration;
			baseConfigurationReference = C74032F58B1F8E6F9EE76FD3 /* Pods-Cloudy.release.xcconfig */;
			buildSettings = {
				ASSETCATALOG_COMPILER_APPICON_NAME = AppIcon;
				DEVELOPMENT_TEAM = "";
				INFOPLIST_FILE = "Cloudy/Supporting Files/Info.plist";
				LD_RUNPATH_SEARCH_PATHS = "$(inherited) @executable_path/Frameworks";
				PRODUCT_BUNDLE_IDENTIFIER = com.cocoacasts.Cloudy;
				PRODUCT_NAME = "$(TARGET_NAME)";
				SWIFT_SWIFT3_OBJC_INFERENCE = Off;
				SWIFT_VERSION = 4.0;
			};
			name = Release;
		};
		E09B7034203C85D100D76EA0 /* Debug */ = {
			isa = XCBuildConfiguration;
			baseConfigurationReference = 60E2B9F812ACCE0A52DBAC88 /* Pods-CloudyTests.debug.xcconfig */;
			buildSettings = {
				BUNDLE_LOADER = "$(TEST_HOST)";
				CLANG_ANALYZER_NUMBER_OBJECT_CONVERSION = YES_AGGRESSIVE;
				CLANG_CXX_LANGUAGE_STANDARD = "gnu++14";
				CLANG_ENABLE_MODULES = YES;
				CLANG_WARN_UNGUARDED_AVAILABILITY = YES_AGGRESSIVE;
				CODE_SIGN_IDENTITY = "iPhone Developer";
				CODE_SIGN_STYLE = Automatic;
				GCC_C_LANGUAGE_STANDARD = gnu11;
				INFOPLIST_FILE = "CloudyTests/Supporting Files/Info.plist";
				IPHONEOS_DEPLOYMENT_TARGET = 11.2;
				LD_RUNPATH_SEARCH_PATHS = "$(inherited) @executable_path/Frameworks @loader_path/Frameworks";
				PRODUCT_BUNDLE_IDENTIFIER = com.piin.CloudyTests;
				PRODUCT_NAME = "$(TARGET_NAME)";
				SWIFT_OPTIMIZATION_LEVEL = "-Onone";
				SWIFT_VERSION = 4.0;
				TARGETED_DEVICE_FAMILY = "1,2";
				TEST_HOST = "$(BUILT_PRODUCTS_DIR)/Cloudy.app/Cloudy";
			};
			name = Debug;
		};
		E09B7035203C85D100D76EA0 /* Release */ = {
			isa = XCBuildConfiguration;
			baseConfigurationReference = E3B7F3F2BE772054BD5D64F6 /* Pods-CloudyTests.release.xcconfig */;
			buildSettings = {
				BUNDLE_LOADER = "$(TEST_HOST)";
				CLANG_ANALYZER_NUMBER_OBJECT_CONVERSION = YES_AGGRESSIVE;
				CLANG_CXX_LANGUAGE_STANDARD = "gnu++14";
				CLANG_ENABLE_MODULES = YES;
				CLANG_WARN_UNGUARDED_AVAILABILITY = YES_AGGRESSIVE;
				CODE_SIGN_IDENTITY = "iPhone Developer";
				CODE_SIGN_STYLE = Automatic;
				GCC_C_LANGUAGE_STANDARD = gnu11;
				INFOPLIST_FILE = "CloudyTests/Supporting Files/Info.plist";
				IPHONEOS_DEPLOYMENT_TARGET = 11.2;
				LD_RUNPATH_SEARCH_PATHS = "$(inherited) @executable_path/Frameworks @loader_path/Frameworks";
				PRODUCT_BUNDLE_IDENTIFIER = com.piin.CloudyTests;
				PRODUCT_NAME = "$(TARGET_NAME)";
				SWIFT_VERSION = 4.0;
				TARGETED_DEVICE_FAMILY = "1,2";
				TEST_HOST = "$(BUILT_PRODUCTS_DIR)/Cloudy.app/Cloudy";
			};
			name = Release;
		};
/* End XCBuildConfiguration section */

/* Begin XCConfigurationList section */
		CC89B4121D9FE314006BFD6E /* Build configuration list for PBXProject "Cloudy" */ = {
			isa = XCConfigurationList;
			buildConfigurations = (
				CC89B4271D9FE314006BFD6E /* Debug */,
				CC89B4281D9FE314006BFD6E /* Release */,
			);
			defaultConfigurationIsVisible = 0;
			defaultConfigurationName = Release;
		};
		CC89B4291D9FE314006BFD6E /* Build configuration list for PBXNativeTarget "Cloudy" */ = {
			isa = XCConfigurationList;
			buildConfigurations = (
				CC89B42A1D9FE314006BFD6E /* Debug */,
				CC89B42B1D9FE314006BFD6E /* Release */,
			);
			defaultConfigurationIsVisible = 0;
			defaultConfigurationName = Release;
		};
		E09B7033203C85D100D76EA0 /* Build configuration list for PBXNativeTarget "CloudyTests" */ = {
			isa = XCConfigurationList;
			buildConfigurations = (
				E09B7034203C85D100D76EA0 /* Debug */,
				E09B7035203C85D100D76EA0 /* Release */,
			);
			defaultConfigurationIsVisible = 0;
			defaultConfigurationName = Release;
		};
/* End XCConfigurationList section */
	};
	rootObject = CC89B40F1D9FE314006BFD6E /* Project object */;
}
